
Microsoft Visual Studio Solution File, Format Version 12.00
# Visual Studio Version 17
VisualStudioVersion = 17.7.34221.43
MinimumVisualStudioVersion = 10.0.40219.1
Project("{FAE04EC0-301F-11D3-BF4B-00C04F79EFBC}") = "Project", "Project\Project.csproj", "{D9550D34-EE71-4CFA-8E5B-F838B1694820}"
EndProject
Global
	GlobalSection(SolutionConfigurationPlatforms) = preSolution
		Debug|Any CPU = Debug|Any CPU
		Release|Any CPU = Release|Any CPU
	EndGlobalSection
	GlobalSection(ProjectConfigurationPlatforms) = postSolution
		{D9550D34-EE71-4CFA-8E5B-F838B1694820}.Debug|Any CPU.ActiveCfg = Debug|Any CPU
		{D9550D34-EE71-4CFA-8E5B-F838B1694820}.Debug|Any CPU.Build.0 = Debug|Any CPU
		{D9550D34-EE71-4CFA-8E5B-F838B1694820}.Release|Any CPU.ActiveCfg = Release|Any CPU
		{D9550D34-EE71-4CFA-8E5B-F838B1694820}.Release|Any CPU.Build.0 = Release|Any CPU
	EndGlobalSection
	GlobalSection(SolutionProperties) = preSolution
		HideSolutionNode = FALSE
	EndGlobalSection
	GlobalSection(ExtensibilityGlobals) = postSolution
		SolutionGuid = {4D795568-4D58-4E04-9965-4C5269A0A383}
	EndGlobalSection
EndGlobal
